Microsoft Visual Studio Solution File, Format Version 12.00
# Visual Studio Version 17
VisualStudioVersion = 17.5.2.0
MinimumVisualStudioVersion = 10.0.40219.1
Project("{FAE04EC0-301F-11D3-BF4B-00C04F79EFBC}") = "NgoManhTai_2121051382_KiemTra_2425", "NgoManhTai_2121051382_KiemTra_2425.csproj", "{73481D0C-6A3A-4ECC-B99C-3CC5AC7B6775}"
EndProject
Global
	GlobalSection(SolutionConfigurationPlatforms) = preSolution
		Debug|Any CPU = Debug|Any CPU
		Release|Any CPU = Release|Any CPU
	EndGlobalSection
	GlobalSection(ProjectConfigurationPlatforms) = postSolution
		{73481D0C-6A3A-4ECC-B99C-3CC5AC7B6775}.Debug|Any CPU.ActiveCfg = Debug|Any CPU
		{73481D0C-6A3A-4ECC-B99C-3CC5AC7B6775}.Debug|Any CPU.Build.0 = Debug|Any CPU
		{73481D0C-6A3A-4ECC-B99C-3CC5AC7B6775}.Release|Any CPU.ActiveCfg = Release|Any CPU
		{73481D0C-6A3A-4ECC-B99C-3CC5AC7B6775}.Release|Any CPU.Build.0 = Release|Any CPU
	EndGlobalSection
	GlobalSection(SolutionProperties) = preSolution
		HideSolutionNode = FALSE
	EndGlobalSection
	GlobalSection(ExtensibilityGlobals) = postSolution
		SolutionGuid = {DDC232AC-DEE0-41D8-8EC6-2AE5D7EC739D}
	EndGlobalSection
EndGlobal
